// !$*UTF8*$!
{
	archiveVersion = 1;
	classes = {
	};
	objectVersion = 77;
	objects = {

/* Begin PBXContainerItemProxy section */
		3E74A80C2EE77EBA00FE7650 /* PBXContainerItemProxy */ = {
			isa = PBXContainerItemProxy;
			containerPortal = 3E74A7EA2EE77EB800FE7650 /* Project object */;
			proxyType = 1;
			remoteGlobalIDString = 3E74A7F12EE77EB800FE7650;
			remoteInfo = CoreData1;
		};
		3E74A8162EE77EBA00FE7650 /* PBXContainerItemProxy */ = {
			isa = PBXContainerItemProxy;
			containerPortal = 3E74A7EA2EE77EB800FE7650 /* Project object */;
			proxyType = 1;
			remoteGlobalIDString = 3E74A7F12EE77EB800FE7650;
			remoteInfo = CoreData1;
		};
/* End PBXContainerItemProxy section */

/* Begin PBXFileReference section */
		3E74A7F22EE77EB800FE7650 /* CoreData1.app */ = {isa = PBXFileReference; explicitFileType = wrapper.application; includeInIndex = 0; path = CoreData1.app; sourceTree = BUILT_PRODUCTS_DIR; };
		3E74A80B2EE77EBA00FE7650 /* CoreData1Tests.xctest */ = {isa = PBXFileReference; explicitFileType = wrapper.cfbundle; includeInIndex = 0; path = CoreData1Tests.xctest; sourceTree = BUILT_PRODUCTS_DIR; };
		3E74A8152EE77EBA00FE7650 /* CoreData1UITests.xctest */ = {isa = PBXFileReference; explicitFileType = wrapper.cfbundle; includeInIndex = 0; path = CoreData1UITests.xctest; sourceTree = BUILT_PRODUCTS_DIR; };
/* End PBXFileReference section */

/* Begin PBXFileSystemSynchronizedBuildFileExceptionSet section */
		3E74A81D2EE77EBA00FE7650 /* Exceptions for "CoreData1" folder in "CoreData1" target */ = {
			isa = PBXFileSystemSynchronizedBuildFileExceptionSet;
			membershipExceptions = (
				Info.plist,
			);
			target = 3E74A7F12EE77EB800FE7650 /* CoreData1 */;
		};
/* End PBXFileSystemSynchronizedBuildFileExceptionSet section */

/* Begin PBXFileSystemSynchronizedRootGroup section */
		3E74A7F42EE77EB800FE7650 /* CoreData1 */ = {
			isa = PBXFileSystemSynchronizedRootGroup;
			exceptions = (
				3E74A81D2EE77EBA00FE7650 /* Exceptions for "CoreData1" folder in "CoreData1" target */,
			);
			path = CoreData1;
			sourceTree = "<group>";
		};
		3E74A80E2EE77EBA00FE7650 /* CoreData1Tests */ = {
			isa = PBXFileSystemSynchronizedRootGroup;
			path = CoreData1Tests;
			sourceTree = "<group>";
		};
		3E74A8182EE77EBA00FE7650 /* CoreData1UITests */ = {
			isa = PBXFileSystemSynchronizedRootGroup;
			path = CoreData1UITests;
			sourceTree = "<group>";
		};
/* End PBXFileSystemSynchronizedRootGroup section */

/* Begin PBXFrameworksBuildPhase section */
		3E74A7EF2EE77EB800FE7650 /* Frameworks */ = {
			isa = PBXFrameworksBuildPhase;
			buildActionMask = 2147483647;
			files = (
			);
			runOnlyForDeploymentPostprocessing = 0;
		};
		3E74A8082EE77EBA00FE7650 /* Frameworks */ = {
			isa = PBXFrameworksBuildPhase;
			buildActionMask = 2147483647;
			files = (
			);
			runOnlyForDeploymentPostprocessing = 0;
		};
		3E74A8122EE77EBA00FE7650 /* Frameworks */ = {
			isa = PBXFrameworksBuildPhase;
			buildActionMask = 2147483647;
			files = (
			);
			runOnlyForDeploymentPostprocessing = 0;
		};
/* End PBXFrameworksBuildPhase section */

/* Begin PBXGroup section */
		3E74A7E92EE77EB800FE7650 = {
			isa = PBXGroup;
			children = (
				3E74A7F42EE77EB800FE7650 /* CoreData1 */,
				3E74A80E2EE77EBA00FE7650 /* CoreData1Tests */,
				3E74A8182EE77EBA00FE7650 /* CoreData1UITests */,
				3E74A7F32EE77EB800FE7650 /* Products */,
			);
			sourceTree = "<group>";
		};
		3E74A7F32EE77EB800FE7650 /* Products */ = {
			isa = PBXGroup;
			children = (
				3E74A7F22EE77EB800FE7650 /* CoreData1.app */,
				3E74A80B2EE77EBA00FE7650 /* CoreData1Tests.xctest */,
				3E74A8152EE77EBA00FE7650 /* CoreData1UITests.xctest */,
			);
			name = Products;
			sourceTree = "<group>";
		};
/* End PBXGroup section */

/* Begin PBXNativeTarget section */
		3E74A7F12EE77EB800FE7650 /* CoreData1 */ = {
			isa = PBXNativeTarget;
			buildConfigurationList = 3E74A81E2EE77EBA00FE7650 /* Build configuration list for PBXNativeTarget "CoreData1" */;
			buildPhases = (
				3E74A7EE2EE77EB800FE7650 /* Sources */,
				3E74A7EF2EE77EB800FE7650 /* Frameworks */,
				3E74A7F02EE77EB800FE7650 /* Resources */,
			);
			buildRules = (
			);
			dependencies = (
			);
			fileSystemSynchronizedGroups = (
				3E74A7F42EE77EB800FE7650 /* CoreData1 */,
			);
			name = CoreData1;
			packageProductDependencies = (
			);
			productName = CoreData1;
			productReference = 3E74A7F22EE77EB800FE7650 /* CoreData1.app */;
			productType = "com.apple.product-type.application";
		};
		3E74A80A2EE77EBA00FE7650 /* CoreData1Tests */ = {
			isa = PBXNativeTarget;
			buildConfigurationList = 3E74A8232EE77EBA00FE7650 /* Build configuration list for PBXNativeTarget "CoreData1Tests" */;
			buildPhases = (
				3E74A8072EE77EBA00FE7650 /* Sources */,
				3E74A8082EE77EBA00FE7650 /* Frameworks */,
				3E74A8092EE77EBA00FE7650 /* Resources */,
			);
			buildRules = (
			);
			dependencies = (
				3E74A80D2EE77EBA00FE7650 /* PBXTargetDependency */,
			);
			fileSystemSynchronizedGroups = (
				3E74A80E2EE77EBA00FE7650 /* CoreData1Tests */,
			);
			name = CoreData1Tests;
			packageProductDependencies = (
			);
			productName = CoreData1Tests;
			productReference = 3E74A80B2EE77EBA00FE7650 /* CoreData1Tests.xctest */;
			productType = "com.apple.product-type.bundle.unit-test";
		};
		3E74A8142EE77EBA00FE7650 /* CoreData1UITests */ = {
			isa = PBXNativeTarget;
			buildConfigurationList = 3E74A8262EE77EBA00FE7650 /* Build configuration list for PBXNativeTarget "CoreData1UITests" */;
			buildPhases = (
				3E74A8112EE77EBA00FE7650 /* Sources */,
				3E74A8122EE77EBA00FE7650 /* Frameworks */,
				3E74A8132EE77EBA00FE7650 /* Resources */,
			);
			buildRules = (
			);
			dependencies = (
				3E74A8172EE77EBA00FE7650 /* PBXTargetDependency */,
			);
			fileSystemSynchronizedGroups = (
				3E74A8182EE77EBA00FE7650 /* CoreData1UITests */,
			);
			name = CoreData1UITests;
			packageProductDependencies = (
			);
			productName = CoreData1UITests;
			productReference = 3E74A8152EE77EBA00FE7650 /* CoreData1UITests.xctest */;
			productType = "com.apple.product-type.bundle.ui-testing";
		};
/* End PBXNativeTarget section */

/* Begin PBXProject section */
		3E74A7EA2EE77EB800FE7650 /* Project object */ = {
			isa = PBXProject;
			attributes = {
				BuildIndependentTargetsInParallel = 1;
				LastSwiftUpdateCheck = 1640;
				LastUpgradeCheck = 1640;
				TargetAttributes = {
					3E74A7F12EE77EB800FE7650 = {
						CreatedOnToolsVersion = 16.4;
					};
					3E74A80A2EE77EBA00FE7650 = {
						CreatedOnToolsVersion = 16.4;
						TestTargetID = 3E74A7F12EE77EB800FE7650;
					};
					3E74A8142EE77EBA00FE7650 = {
						CreatedOnToolsVersion = 16.4;
						TestTargetID = 3E74A7F12EE77EB800FE7650;
					};
				};
			};
			buildConfigurationList = 3E74A7ED2EE77EB800FE7650 /* Build configuration list for PBXProject "CoreData1" */;
			developmentRegion = en;
			hasScannedForEncodings = 0;
			knownRegions = (
				en,
				Base,
			);
			mainGroup = 3E74A7E92EE77EB800FE7650;
			minimizedProjectReferenceProxies = 1;
			preferredProjectObjectVersion = 77;
			productRefGroup = 3E74A7F32EE77EB800FE7650 /* Products */;
			projectDirPath = "";
			projectRoot = "";
			targets = (
				3E74A7F12EE77EB800FE7650 /* CoreData1 */,
				3E74A80A2EE77EBA00FE7650 /* CoreData1Tests */,
				3E74A8142EE77EBA00FE7650 /* CoreData1UITests */,
			);
		};
/* End PBXProject section */

/* Begin PBXResourcesBuildPhase section */
		3E74A7F02EE77EB800FE7650 /* Resources */ = {
			isa = PBXResourcesBuildPhase;
			buildActionMask = 2147483647;
			files = (
			);
			runOnlyForDeploymentPostprocessing = 0;
		};
		3E74A8092EE77EBA00FE7650 /* Resources */ = {
			isa = PBXResourcesBuildPhase;
			buildActionMask = 2147483647;
			files = (
			);
			runOnlyForDeploymentPostprocessing = 0;
		};
		3E74A8132EE77EBA00FE7650 /* Resources */ = {
			isa = PBXResourcesBuildPhase;
			buildActionMask = 2147483647;
			files = (
			);
			runOnlyForDeploymentPostprocessing = 0;
		};
/* End PBXResourcesBuildPhase section */

/* Begin PBXSourcesBuildPhase section */
		3E74A7EE2EE77EB800FE7650 /* Sources */ = {
			isa = PBXSourcesBuildPhase;
			buildActionMask = 2147483647;
			files = (
			);
			runOnlyForDeploymentPostprocessing = 0;
		};
		3E74A8072EE77EBA00FE7650 /* Sources */ = {
			isa = PBXSourcesBuildPhase;
			buildActionMask = 2147483647;
			files = (
			);
			runOnlyForDeploymentPostprocessing = 0;
		};
		3E74A8112EE77EBA00FE7650 /* Sources */ = {
			isa = PBXSourcesBuildPhase;
			buildActionMask = 2147483647;
			files = (
			);
			runOnlyForDeploymentPostprocessing = 0;
		};
/* End PBXSourcesBuildPhase section */

/* Begin PBXTargetDependency section */
		3E74A80D2EE77EBA00FE7650 /* PBXTargetDependency */ = {
			isa = PBXTargetDependency;
			target = 3E74A7F12EE77EB800FE7650 /* CoreData1 */;
			targetProxy = 3E74A80C2EE77EBA00FE7650 /* PBXContainerItemProxy */;
		};
		3E74A8172EE77EBA00FE7650 /* PBXTargetDependency */ = {
			isa = PBXTargetDependency;
			target = 3E74A7F12EE77EB800FE7650 /* CoreData1 */;
			targetProxy = 3E74A8162EE77EBA00FE7650 /* PBXContainerItemProxy */;
		};
/* End PBXTargetDependency section */

/* Begin XCBuildConfiguration section */
		3E74A81F2EE77EBA00FE7650 /* Debug */ = {
			isa = XCBuildConfiguration;
			buildSettings = {
				ASSETCATALOG_COMPILER_APPICON_NAME = AppIcon;
				ASSETCATALOG_COMPILER_GLOBAL_ACCENT_COLOR_NAME = AccentColor;
				CODE_SIGN_STYLE = Automatic;
				CURRENT_PROJECT_VERSION = 1;
				GENERATE_INFOPLIST_FILE = YES;
				INFOPLIST_FILE = CoreData1/Info.plist;
				INFOPLIST_KEY_UIApplicationSupportsIndirectInputEvents = YES;
				INFOPLIST_KEY_UILaunchStoryboardName = LaunchScreen;
				INFOPLIST_KEY_UIMainStoryboardFile = Main;
				INFOPLIST_KEY_UISupportedInterfaceOrientations_iPad = "UIInterfaceOrientationPortrait UIInterfaceOrientationPortraitUpsideDown UIInterfaceOrientationLandscapeLeft UIInterfaceOrientationLandscapeRight";
				INFOPLIST_KEY_UISupportedInterfaceOrientations_iPhone = "UIInterfaceOrientationPortrait UIInterfaceOrientationLandscapeLeft UIInterfaceOrientationLandscapeRight";
				LD_RUNPATH_SEARCH_PATHS = (
					"$(inherited)",
					"@executable_path/Frameworks",
				);
				MARKETING_VERSION = 1.0;
				PRODUCT_BUNDLE_IDENTIFIER = com.koushik.coredata1.CoreData1;
				PRODUCT_NAME = "$(TARGET_NAME)";
				SWIFT_EMIT_LOC_STRINGS = YES;
				SWIFT_VERSION = 5.0;
				TARGETED_DEVICE_FAMILY = "1,2";
			};
			name = Debug;
		};
		3E74A8202EE77EBA00FE7650 /* Release */ = {
			isa = XCBuildConfiguration;
			buildSettings = {
				ASSETCATALOG_COMPILER_APPICON_NAME = AppIcon;
				ASSETCATALOG_COMPILER_GLOBAL_ACCENT_COLOR_NAME = AccentColor;
				CODE_SIGN_STYLE = Automatic;
				CURRENT_PROJECT_VERSION = 1;
				GENERATE_INFOPLIST_FILE = YES;
				INFOPLIST_FILE = CoreData1/Info.plist;
				INFOPLIST_KEY_UIApplicationSupportsIndirectInputEvents = YES;
				INFOPLIST_KEY_UILaunchStoryboardName = LaunchScreen;
				INFOPLIST_KEY_UIMainStoryboardFile = Main;
				INFOPLIST_KEY_UISupportedInterfaceOrientations_iPad = "UIInterfaceOrientationPortrait UIInterfaceOrientationPortraitUpsideDown UIInterfaceOrientationLandscapeLeft UIInterfaceOrientationLandscapeRight";
				INFOPLIST_KEY_UISupportedInterfaceOrientations_iPhone = "UIInterfaceOrientationPortrait UIInterfaceOrientationLandscapeLeft UIInterfaceOrientationLandscapeRight";
				LD_RUNPATH_SEARCH_PATHS = (
					"$(inherited)",
					"@executable_path/Frameworks",
				);
				MARKETING_VERSION = 1.0;
				PRODUCT_BUNDLE_IDENTIFIER = com.koushik.coredata1.CoreData1;
				PRODUCT_NAME = "$(TARGET_NAME)";
				SWIFT_EMIT_LOC_STRINGS = YES;
				SWIFT_VERSION = 5.0;
				TARGETED_DEVICE_FAMILY = "1,2";
			};
			name = Release;
		};
		3E74A8212EE77EBA00FE7650 /* Debug */ = {
			isa = XCBuildConfiguration;
			buildSettings = {
				ALWAYS_SEARCH_USER_PATHS = NO;
				ASSETCATALOG_COMPILER_GENERATE_SWIFT_ASSET_SYMBOL_EXTENSIONS = YES;
				CLANG_ANALYZER_NONNULL = YES;
				CLANG_ANALYZER_NUMBER_OBJECT_CONVERSION = YES_AGGRESSIVE;
				CLANG_CXX_LANGUAGE_STANDARD = "gnu++20";
				CLANG_ENABLE_MODULES = YES;
				CLANG_ENABLE_OBJC_ARC = YES;
				CLANG_ENABLE_OBJC_WEAK = YES;
				CLANG_WARN_BLOCK_CAPTURE_AUTORELEASING = YES;
				CLANG_WARN_BOOL_CONVERSION = YES;
				CLANG_WARN_COMMA = YES;
				CLANG_WARN_CONSTANT_CONVERSION = YES;
				CLANG_WARN_DEPRECATED_OBJC_IMPLEMENTATIONS = YES;
				CLANG_WARN_DIRECT_OBJC_ISA_USAGE = YES_ERROR;
				CLANG_WARN_DOCUMENTATION_COMMENTS = YES;
				CLANG_WARN_EMPTY_BODY = YES;
				CLANG_WARN_ENUM_CONVERSION = YES;
				CLANG_WARN_INFINITE_RECURSION = YES;
				CLANG_WARN_INT_CONVERSION = YES;
				CLANG_WARN_NON_LITERAL_NULL_CONVERSION = YES;
				CLANG_WARN_OBJC_IMPLICIT_RETAIN_SELF = YES;
				CLANG_WARN_OBJC_LITERAL_CONVERSION = YES;
				CLANG_WARN_OBJC_ROOT_CLASS = YES_ERROR;
				CLANG_WARN_QUOTED_INCLUDE_IN_FRAMEWORK_HEADER = YES;
				CLANG_WARN_RANGE_LOOP_ANALYSIS = YES;
				CLANG_WARN_STRICT_PROTOTYPES = YES;
				CLANG_WARN_SUSPICIOUS_MOVE = YES;
				CLANG_WARN_UNGUARDED_AVAILABILITY = YES_AGGRESSIVE;
				CLANG_WARN_UNREACHABLE_CODE = YES;
				CLANG_WARN__DUPLICATE_METHOD_MATCH = YES;
				COPY_PHASE_STRIP = NO;
				DEBUG_INFORMATION_FORMAT = dwarf;
				ENABLE_STRICT_OBJC_MSGSEND = YES;
				ENABLE_TESTABILITY = YES;
				ENABLE_USER_SCRIPT_SANDBOXING = YES;
				GCC_C_LANGUAGE_STANDARD = gnu17;
				GCC_DYNAMIC_NO_PIC = NO;
				GCC_NO_COMMON_BLOCKS = YES;
				GCC_OPTIMIZATION_LEVEL = 0;
				GCC_PREPROCESSOR_DEFINITIONS = (
					"DEBUG=1",
					"$(inherited)",
				);
				GCC_WARN_64_TO_32_BIT_CONVERSION = YES;
				GCC_WARN_ABOUT_RETURN_TYPE = YES_ERROR;
				GCC_WARN_UNDECLARED_SELECTOR = YES;
				GCC_WARN_UNINITIALIZED_AUTOS = YES_AGGRESSIVE;
				GCC_WARN_UNUSED_FUNCTION = YES;
				GCC_WARN_UNUSED_VARIABLE = YES;
				IPHONEOS_DEPLOYMENT_TARGET = 18.5;
				LOCALIZATION_PREFERS_STRING_CATALOGS = YES;
				MTL_ENABLE_DEBUG_INFO = INCLUDE_SOURCE;
				MTL_FAST_MATH = YES;
				ONLY_ACTIVE_ARCH = YES;
				SDKROOT = iphoneos;
				SWIFT_ACTIVE_COMPILATION_CONDITIONS = "DEBUG $(inherited)";
				SWIFT_OPTIMIZATION_LEVEL = "-Onone";
			};
			name = Debug;
		};
		3E74A8222EE77EBA00FE7650 /* Release */ = {
			isa = XCBuildConfiguration;
			buildSettings = {
				ALWAYS_SEARCH_USER_PATHS = NO;
				ASSETCATALOG_COMPILER_GENERATE_SWIFT_ASSET_SYMBOL_EXTENSIONS = YES;
				CLANG_ANALYZER_NONNULL = YES;
				CLANG_ANALYZER_NUMBER_OBJECT_CONVERSION = YES_AGGRESSIVE;
				CLANG_CXX_LANGUAGE_STANDARD = "gnu++20";
				CLANG_ENABLE_MODULES = YES;
				CLANG_ENABLE_OBJC_ARC = YES;
				CLANG_ENABLE_OBJC_WEAK = YES;
				CLANG_WARN_BLOCK_CAPTURE_AUTORELEASING = YES;
				CLANG_WARN_BOOL_CONVERSION = YES;
				CLANG_WARN_COMMA = YES;
				CLANG_WARN_CONSTANT_CONVERSION = YES;
				CLANG_WARN_DEPRECATED_OBJC_IMPLEMENTATIONS = YES;
				CLANG_WARN_DIRECT_OBJC_ISA_USAGE = YES_ERROR;
				CLANG_WARN_DOCUMENTATION_COMMENTS = YES;
				CLANG_WARN_EMPTY_BODY = YES;
				CLANG_WARN_ENUM_CONVERSION = YES;
				CLANG_WARN_INFINITE_RECURSION = YES;
				CLANG_WARN_INT_CONVERSION = YES;
				CLANG_WARN_NON_LITERAL_NULL_CONVERSION = YES;
				CLANG_WARN_OBJC_IMPLICIT_RETAIN_SELF = YES;
				CLANG_WARN_OBJC_LITERAL_CONVERSION = YES;
				CLANG_WARN_OBJC_ROOT_CLASS = YES_ERROR;
				CLANG_WARN_QUOTED_INCLUDE_IN_FRAMEWORK_HEADER = YES;
				CLANG_WARN_RANGE_LOOP_ANALYSIS = YES;
				CLANG_WARN_STRICT_PROTOTYPES = YES;
				CLANG_WARN_SUSPICIOUS_MOVE = YES;
				CLANG_WARN_UNGUARDED_AVAILABILITY = YES_AGGRESSIVE;
				CLANG_WARN_UNREACHABLE_CODE = YES;
				CLANG_WARN__DUPLICATE_METHOD_MATCH = YES;
				COPY_PHASE_STRIP = NO;
				DEBUG_INFORMATION_FORMAT = "dwarf-with-dsym";
				ENABLE_NS_ASSERTIONS = NO;
				ENABLE_STRICT_OBJC_MSGSEND = YES;
				ENABLE_USER_SCRIPT_SANDBOXING = YES;
				GCC_C_LANGUAGE_STANDARD = gnu17;
				GCC_NO_COMMON_BLOCKS = YES;
				GCC_WARN_64_TO_32_BIT_CONVERSION = YES;
				GCC_WARN_ABOUT_RETURN_TYPE = YES_ERROR;
				GCC_WARN_UNDECLARED_SELECTOR = YES;
				GCC_WARN_UNINITIALIZED_AUTOS = YES_AGGRESSIVE;
				GCC_WARN_UNUSED_FUNCTION = YES;
				GCC_WARN_UNUSED_VARIABLE = YES;
				IPHONEOS_DEPLOYMENT_TARGET = 18.5;
				LOCALIZATION_PREFERS_STRING_CATALOGS = YES;
				MTL_ENABLE_DEBUG_INFO = NO;
				MTL_FAST_MATH = YES;
				SDKROOT = iphoneos;
				SWIFT_COMPILATION_MODE = wholemodule;
				VALIDATE_PRODUCT = YES;
			};
			name = Release;
		};
		3E74A8242EE77EBA00FE7650 /* Debug */ = {
			isa = XCBuildConfiguration;
			buildSettings = {
				BUNDLE_LOADER = "$(TEST_HOST)";
				CODE_SIGN_STYLE = Automatic;
				CURRENT_PROJECT_VERSION = 1;
				GENERATE_INFOPLIST_FILE = YES;
				IPHONEOS_DEPLOYMENT_TARGET = 18.5;
				MARKETING_VERSION = 1.0;
				PRODUCT_BUNDLE_IDENTIFIER = com.koushik.coredata1.CoreData1Tests;
				PRODUCT_NAME = "$(TARGET_NAME)";
				SWIFT_EMIT_LOC_STRINGS = NO;
				SWIFT_VERSION = 5.0;
				TARGETED_DEVICE_FAMILY = "1,2";
				TEST_HOST = "$(BUILT_PRODUCTS_DIR)/CoreData1.app/$(BUNDLE_EXECUTABLE_FOLDER_PATH)/CoreData1";
			};
			name = Debug;
		};
		3E74A8252EE77EBA00FE7650 /* Release */ = {
			isa = XCBuildConfiguration;
			buildSettings = {
				BUNDLE_LOADER = "$(TEST_HOST)";
				CODE_SIGN_STYLE = Automatic;
				CURRENT_PROJECT_VERSION = 1;
				GENERATE_INFOPLIST_FILE = YES;
				IPHONEOS_DEPLOYMENT_TARGET = 18.5;
				MARKETING_VERSION = 1.0;
				PRODUCT_BUNDLE_IDENTIFIER = com.koushik.coredata1.CoreData1Tests;
				PRODUCT_NAME = "$(TARGET_NAME)";
				SWIFT_EMIT_LOC_STRINGS = NO;
				SWIFT_VERSION = 5.0;
				TARGETED_DEVICE_FAMILY = "1,2";
				TEST_HOST = "$(BUILT_PRODUCTS_DIR)/CoreData1.app/$(BUNDLE_EXECUTABLE_FOLDER_PATH)/CoreData1";
			};
			name = Release;
		};
		3E74A8272EE77EBA00FE7650 /* Debug */ = {
			isa = XCBuildConfiguration;
			buildSettings = {
				CODE_SIGN_STYLE = Automatic;
				CURRENT_PROJECT_VERSION = 1;
				GENERATE_INFOPLIST_FILE = YES;
				MARKETING_VERSION = 1.0;
				PRODUCT_BUNDLE_IDENTIFIER = com.koushik.coredata1.CoreData1UITests;
				PRODUCT_NAME = "$(TARGET_NAME)";
				SWIFT_EMIT_LOC_STRINGS = NO;
				SWIFT_VERSION = 5.0;
				TARGETED_DEVICE_FAMILY = "1,2";
				TEST_TARGET_NAME = CoreData1;
			};
			name = Debug;
		};
		3E74A8282EE77EBA00FE7650 /* Release */ = {
			isa = XCBuildConfiguration;
			buildSettings = {
				CODE_SIGN_STYLE = Automatic;
				CURRENT_PROJECT_VERSION = 1;
				GENERATE_INFOPLIST_FILE = YES;
				MARKETING_VERSION = 1.0;
				PRODUCT_BUNDLE_IDENTIFIER = com.koushik.coredata1.CoreData1UITests;
				PRODUCT_NAME = "$(TARGET_NAME)";
				SWIFT_EMIT_LOC_STRINGS = NO;
				SWIFT_VERSION = 5.0;
				TARGETED_DEVICE_FAMILY = "1,2";
				TEST_TARGET_NAME = CoreData1;
			};
			name = Release;
		};
/* End XCBuildConfiguration section */

/* Begin XCConfigurationList section */
		3E74A7ED2EE77EB800FE7650 /* Build configuration list for PBXProject "CoreData1" */ = {
			isa = XCConfigurationList;
			buildConfigurations = (
				3E74A8212EE77EBA00FE7650 /* Debug */,
				3E74A8222EE77EBA00FE7650 /* Release */,
			);
			defaultConfigurationIsVisible = 0;
			defaultConfigurationName = Release;
		};
		3E74A81E2EE77EBA00FE7650 /* Build configuration list for PBXNativeTarget "CoreData1" */ = {
			isa = XCConfigurationList;
			buildConfigurations = (
				3E74A81F2EE77EBA00FE7650 /* Debug */,
				3E74A8202EE77EBA00FE7650 /* Release */,
			);
			defaultConfigurationIsVisible = 0;
			defaultConfigurationName = Release;
		};
		3E74A8232EE77EBA00FE7650 /* Build configuration list for PBXNativeTarget "CoreData1Tests" */ = {
			isa = XCConfigurationList;
			buildConfigurations = (
				3E74A8242EE77EBA00FE7650 /* Debug */,
				3E74A8252EE77EBA00FE7650 /* Release */,
			);
			defaultConfigurationIsVisible = 0;
			defaultConfigurationName = Release;
		};
		3E74A8262EE77EBA00FE7650 /* Build configuration list for PBXNativeTarget "CoreData1UITests" */ = {
			isa = XCConfigurationList;
			buildConfigurations = (
				3E74A8272EE77EBA00FE7650 /* Debug */,
				3E74A8282EE77EBA00FE7650 /* Release */,
			);
			defaultConfigurationIsVisible = 0;
			defaultConfigurationName = Release;
		};
/* End XCConfigurationList section */
	};
	rootObject = 3E74A7EA2EE77EB800FE7650 /* Project object */;
}
